
Microsoft Visual Studio Solution File, Format Version 12.00
# Visual Studio Version 17
VisualStudioVersion = 17.7.34202.233
MinimumVisualStudioVersion = 10.0.40219.1
Project("{2150E333-8FDC-42A3-9474-1A3956D46DE8}") = "1 - Presentation", "1 - Presentation", "{252E934B-A702-4981-9FAE-7F40AAF8AD97}"
EndProject
Project("{2150E333-8FDC-42A3-9474-1A3956D46DE8}") = "2 - Services", "2 - Services", "{023C19F9-6238-4D18-98DF-32120C8EA7A1}"
EndProject
Project("{2150E333-8FDC-42A3-9474-1A3956D46DE8}") = "3 - Application", "3 - Application", "{3B3E81FC-9977-401D-BDA0-55D3F6B94E63}"
EndProject
Project("{2150E333-8FDC-42A3-9474-1A3956D46DE8}") = "4 - Domain", "4 - Domain", "{857D3127-92A8-434E-8CF0-B7ED213F5D17}"
EndProject
Project("{2150E333-8FDC-42A3-9474-1A3956D46DE8}") = "5 - Infra", "5 - Infra", "{8DC0933F-9CEC-49B9-A5BD-173D47285FFC}"
EndProject
Project("{2150E333-8FDC-42A3-9474-1A3956D46DE8}") = "5.1 - Data", "5.1 - Data", "{46FE587D-9683-42D4-901E-724D72A91C8F}"
EndProject
Project("{2150E333-8FDC-42A3-9474-1A3956D46DE8}") = "5.2 - CrossCutting", "5.2 - CrossCutting", "{9F9DFB5B-2E79-490F-93D4-A4917F678D2F}"
EndProject
Project("{2150E333-8FDC-42A3-9474-1A3956D46DE8}") = "Tests", "Tests", "{FF6F053C-A610-4578-9577-95CE7EE58ED8}"
EndProject
Project("{9A19103F-16F7-4668-BE54-9A1E7A4F7556}") = "Rte2023Ddd.Services.Api", "src\Rte2023Ddd.Services.Api\Rte2023Ddd.Services.Api.csproj", "{7FCCC1A1-DD50-4046-ADDF-FE21B3F1DC95}"
EndProject
Project("{9A19103F-16F7-4668-BE54-9A1E7A4F7556}") = "Rte2023Ddd.Domain.Core", "src\Rte2023Ddd.Domain.Core\Rte2023Ddd.Domain.Core.csproj", "{1D50E54E-717C-4713-AFB4-C52DD8AE5AE7}"
EndProject
Project("{9A19103F-16F7-4668-BE54-9A1E7A4F7556}") = "Rte2023Ddd.Domain", "src\Rte2023Ddd.Domain\Rte2023Ddd.Domain.csproj", "{902B5505-4398-45F7-9061-7465CA14160A}"
EndProject
Project("{9A19103F-16F7-4668-BE54-9A1E7A4F7556}") = "Rte2023Ddd.Infra.CrossCutting.IoC", "src\Rte2023Ddd.Infra.CrossCutting.IoC\Rte2023Ddd.Infra.CrossCutting.IoC.csproj", "{129937B9-E9F4-457F-B739-8D0DC6DB7268}"
EndProject
Project("{9A19103F-16F7-4668-BE54-9A1E7A4F7556}") = "Rte2023Ddd.Infra.Data", "src\Rte2023Ddd.Infra.Data\Rte2023Ddd.Infra.Data.csproj", "{B756B027-5859-4E7A-B1ED-FDD1C5683F18}"
EndProject
Project("{9A19103F-16F7-4668-BE54-9A1E7A4F7556}") = "Rte2023Ddd.Application", "src\Rte2023Ddd.Application\Rte2023Ddd.Application.csproj", "{B42BC0A6-3E53-4893-B6AB-914A8A9FC376}"
EndProject
Project("{FAE04EC0-301F-11D3-BF4B-00C04F79EFBC}") = "Rte2023Ddd.Test", "tests\Rte2023Ddd.Test\Rte2023Ddd.Test.csproj", "{A41693F9-FBEB-4C96-81EE-52082846D8AC}"
EndProject
Global
	GlobalSection(SolutionConfigurationPlatforms) = preSolution
		Debug|Any CPU = Debug|Any CPU
		Release|Any CPU = Release|Any CPU
	EndGlobalSection
	GlobalSection(ProjectConfigurationPlatforms) = postSolution
		{7FCCC1A1-DD50-4046-ADDF-FE21B3F1DC95}.Debug|Any CPU.ActiveCfg = Debug|Any CPU
		{7FCCC1A1-DD50-4046-ADDF-FE21B3F1DC95}.Debug|Any CPU.Build.0 = Debug|Any CPU
		{7FCCC1A1-DD50-4046-ADDF-FE21B3F1DC95}.Release|Any CPU.ActiveCfg = Release|Any CPU
		{7FCCC1A1-DD50-4046-ADDF-FE21B3F1DC95}.Release|Any CPU.Build.0 = Release|Any CPU
		{1D50E54E-717C-4713-AFB4-C52DD8AE5AE7}.Debug|Any CPU.ActiveCfg = Debug|Any CPU
		{1D50E54E-717C-4713-AFB4-C52DD8AE5AE7}.Debug|Any CPU.Build.0 = Debug|Any CPU
		{1D50E54E-717C-4713-AFB4-C52DD8AE5AE7}.Release|Any CPU.ActiveCfg = Release|Any CPU
		{1D50E54E-717C-4713-AFB4-C52DD8AE5AE7}.Release|Any CPU.Build.0 = Release|Any CPU
		{902B5505-4398-45F7-9061-7465CA14160A}.Debug|Any CPU.ActiveCfg = Debug|Any CPU
		{902B5505-4398-45F7-9061-7465CA14160A}.Debug|Any CPU.Build.0 = Debug|Any CPU
		{902B5505-4398-45F7-9061-7465CA14160A}.Release|Any CPU.ActiveCfg = Release|Any CPU
		{902B5505-4398-45F7-9061-7465CA14160A}.Release|Any CPU.Build.0 = Release|Any CPU
		{129937B9-E9F4-457F-B739-8D0DC6DB7268}.Debug|Any CPU.ActiveCfg = Debug|Any CPU
		{129937B9-E9F4-457F-B739-8D0DC6DB7268}.Debug|Any CPU.Build.0 = Debug|Any CPU
		{129937B9-E9F4-457F-B739-8D0DC6DB7268}.Release|Any CPU.ActiveCfg = Release|Any CPU
		{129937B9-E9F4-457F-B739-8D0DC6DB7268}.Release|Any CPU.Build.0 = Release|Any CPU
		{B756B027-5859-4E7A-B1ED-FDD1C5683F18}.Debug|Any CPU.ActiveCfg = Debug|Any CPU
		{B756B027-5859-4E7A-B1ED-FDD1C5683F18}.Debug|Any CPU.Build.0 = Debug|Any CPU
		{B756B027-5859-4E7A-B1ED-FDD1C5683F18}.Release|Any CPU.ActiveCfg = Release|Any CPU
		{B756B027-5859-4E7A-B1ED-FDD1C5683F18}.Release|Any CPU.Build.0 = Release|Any CPU
		{B42BC0A6-3E53-4893-B6AB-914A8A9FC376}.Debug|Any CPU.ActiveCfg = Debug|Any CPU
		{B42BC0A6-3E53-4893-B6AB-914A8A9FC376}.Debug|Any CPU.Build.0 = Debug|Any CPU
		{B42BC0A6-3E53-4893-B6AB-914A8A9FC376}.Release|Any CPU.ActiveCfg = Release|Any CPU
		{B42BC0A6-3E53-4893-B6AB-914A8A9FC376}.Release|Any CPU.Build.0 = Release|Any CPU
		{A41693F9-FBEB-4C96-81EE-52082846D8AC}.Debug|Any CPU.ActiveCfg = Debug|Any CPU
		{A41693F9-FBEB-4C96-81EE-52082846D8AC}.Debug|Any CPU.Build.0 = Debug|Any CPU
		{A41693F9-FBEB-4C96-81EE-52082846D8AC}.Release|Any CPU.ActiveCfg = Release|Any CPU
		{A41693F9-FBEB-4C96-81EE-52082846D8AC}.Release|Any CPU.Build.0 = Release|Any CPU
	EndGlobalSection
	GlobalSection(SolutionProperties) = preSolution
		HideSolutionNode = FALSE
	EndGlobalSection
	GlobalSection(NestedProjects) = preSolution
		{46FE587D-9683-42D4-901E-724D72A91C8F} = {8DC0933F-9CEC-49B9-A5BD-173D47285FFC}
		{9F9DFB5B-2E79-490F-93D4-A4917F678D2F} = {8DC0933F-9CEC-49B9-A5BD-173D47285FFC}
		{7FCCC1A1-DD50-4046-ADDF-FE21B3F1DC95} = {023C19F9-6238-4D18-98DF-32120C8EA7A1}
		{1D50E54E-717C-4713-AFB4-C52DD8AE5AE7} = {857D3127-92A8-434E-8CF0-B7ED213F5D17}
		{902B5505-4398-45F7-9061-7465CA14160A} = {857D3127-92A8-434E-8CF0-B7ED213F5D17}
		{129937B9-E9F4-457F-B739-8D0DC6DB7268} = {9F9DFB5B-2E79-490F-93D4-A4917F678D2F}
		{B756B027-5859-4E7A-B1ED-FDD1C5683F18} = {46FE587D-9683-42D4-901E-724D72A91C8F}
		{B42BC0A6-3E53-4893-B6AB-914A8A9FC376} = {3B3E81FC-9977-401D-BDA0-55D3F6B94E63}
		{A41693F9-FBEB-4C96-81EE-52082846D8AC} = {FF6F053C-A610-4578-9577-95CE7EE58ED8}
	EndGlobalSection
	GlobalSection(ExtensibilityGlobals) = postSolution
		SolutionGuid = {D516F533-BD29-438D-BA10-4679E45DE16F}
	EndGlobalSection
EndGlobal
